
Microsoft Visual Studio Solution File, Format Version 12.00
# Visual Studio Version 17
VisualStudioVersion = 17.6.33815.320
MinimumVisualStudioVersion = 10.0.40219.1
Project("{9A19103F-16F7-4668-BE54-9A1E7A4F7556}") = "LoRaWAN", "LoRaWAN Backend\LoRaWAN.csproj", "{081DAFB3-F3EC-46DA-9C7B-B4058D188028}"
EndProject
Project("{9A19103F-16F7-4668-BE54-9A1E7A4F7556}") = "Network Server", "Network Server\Network Server.csproj", "{76DFA9CC-4F5F-48B3-BDF3-B56CE7E9DD5E}"
EndProject
Project("{FAE04EC0-301F-11D3-BF4B-00C04F79EFBC}") = "Unit Test", "Unit Test\Unit Test.csproj", "{88B43FD0-7028-4B5F-A2CB-E38D2752B7EC}"
EndProject
Global
	GlobalSection(SolutionConfigurationPlatforms) = preSolution
		Debug|Any CPU = Debug|Any CPU
		Release|Any CPU = Release|Any CPU
	EndGlobalSection
	GlobalSection(ProjectConfigurationPlatforms) = postSolution
		{081DAFB3-F3EC-46DA-9C7B-B4058D188028}.Debug|Any CPU.ActiveCfg = Debug|Any CPU
		{081DAFB3-F3EC-46DA-9C7B-B4058D188028}.Debug|Any CPU.Build.0 = Debug|Any CPU
		{081DAFB3-F3EC-46DA-9C7B-B4058D188028}.Release|Any CPU.ActiveCfg = Release|Any CPU
		{081DAFB3-F3EC-46DA-9C7B-B4058D188028}.Release|Any CPU.Build.0 = Release|Any CPU
		{76DFA9CC-4F5F-48B3-BDF3-B56CE7E9DD5E}.Debug|Any CPU.ActiveCfg = Debug|Any CPU
		{76DFA9CC-4F5F-48B3-BDF3-B56CE7E9DD5E}.Debug|Any CPU.Build.0 = Debug|Any CPU
		{76DFA9CC-4F5F-48B3-BDF3-B56CE7E9DD5E}.Release|Any CPU.ActiveCfg = Release|Any CPU
		{76DFA9CC-4F5F-48B3-BDF3-B56CE7E9DD5E}.Release|Any CPU.Build.0 = Release|Any CPU
		{88B43FD0-7028-4B5F-A2CB-E38D2752B7EC}.Debug|Any CPU.ActiveCfg = Debug|Any CPU
		{88B43FD0-7028-4B5F-A2CB-E38D2752B7EC}.Debug|Any CPU.Build.0 = Debug|Any CPU
		{88B43FD0-7028-4B5F-A2CB-E38D2752B7EC}.Release|Any CPU.ActiveCfg = Release|Any CPU
		{88B43FD0-7028-4B5F-A2CB-E38D2752B7EC}.Release|Any CPU.Build.0 = Release|Any CPU
	EndGlobalSection
	GlobalSection(SolutionProperties) = preSolution
		HideSolutionNode = FALSE
	EndGlobalSection
	GlobalSection(ExtensibilityGlobals) = postSolution
		SolutionGuid = {B45A8070-84AC-44E2-80B9-BEC45BAE02BC}
	EndGlobalSection
EndGlobal
